// !$*UTF8*$!
{
	archiveVersion = 1;
	classes = {
	};
	objectVersion = 56;
	objects = {

/* Begin PBXBuildFile section */
		BEA9E23E2AC948BB00D747DD /* SnapKit in Frameworks */ = {isa = PBXBuildFile; productRef = BEA9E23D2AC948BB00D747DD /* SnapKit */; };
		BEAAB7C12AC950790019E295 /* RandomViewController.swift in Sources */ = {isa = PBXBuildFile; fileRef = BEAAB7C02AC950790019E295 /* RandomViewController.swift */; };
		BEAAB7C42AC956290019E295 /* BaseSearchController.swift in Sources */ = {isa = PBXBuildFile; fileRef = BEAAB7C32AC956290019E295 /* BaseSearchController.swift */; };
		BEAAB7C62AC957EE0019E295 /* HomeView.swift in Sources */ = {isa = PBXBuildFile; fileRef = BEAAB7C52AC957EE0019E295 /* HomeView.swift */; };
		BEAAB7C92AC96BC20019E295 /* BaseColletionView.swift in Sources */ = {isa = PBXBuildFile; fileRef = BEAAB7C82AC96BC20019E295 /* BaseColletionView.swift */; };
		BEAAB7CC2AC96D330019E295 /* Constant.swift in Sources */ = {isa = PBXBuildFile; fileRef = BEAAB7CB2AC96D330019E295 /* Constant.swift */; };
		BEB8BAF22ACC04EA001F02C9 /* DetailViewController.swift in Sources */ = {isa = PBXBuildFile; fileRef = BEB8BAF12ACC04EA001F02C9 /* DetailViewController.swift */; };
		BEB8BAF42ACC04F7001F02C9 /* DetailView.swift in Sources */ = {isa = PBXBuildFile; fileRef = BEB8BAF32ACC04F7001F02C9 /* DetailView.swift */; };
		BEC118332AC822AC0087BDD2 /* SampleVC.swift in Sources */ = {isa = PBXBuildFile; fileRef = BEC118322AC822AC0087BDD2 /* SampleVC.swift */; };
		BEC118392AC945E90087BDD2 /* TabBarViewController.swift in Sources */ = {isa = PBXBuildFile; fileRef = BEC118382AC945E90087BDD2 /* TabBarViewController.swift */; };
		BEC1183B2AC946050087BDD2 /* HomeViewController.swift in Sources */ = {isa = PBXBuildFile; fileRef = BEC1183A2AC946050087BDD2 /* HomeViewController.swift */; };
		BEC1183D2AC946250087BDD2 /* MyPageViewController.swift in Sources */ = {isa = PBXBuildFile; fileRef = BEC1183C2AC946250087BDD2 /* MyPageViewController.swift */; };
		BED31A1F2AC191C8007E8B2B /* BaseView.swift in Sources */ = {isa = PBXBuildFile; fileRef = BED31A1E2AC191C8007E8B2B /* BaseView.swift */; };
		BED31A212AC191D7007E8B2B /* BaseViewController.swift in Sources */ = {isa = PBXBuildFile; fileRef = BED31A202AC191D7007E8B2B /* BaseViewController.swift */; };
		BED31A232AC191E7007E8B2B /* BaseCollectionViewCell.swift in Sources */ = {isa = PBXBuildFile; fileRef = BED31A222AC191E7007E8B2B /* BaseCollectionViewCell.swift */; };
		BED31A252AC19895007E8B2B /* QuestionModel.swift in Sources */ = {isa = PBXBuildFile; fileRef = BED31A242AC19895007E8B2B /* QuestionModel.swift */; };
		BED31A272AC198A9007E8B2B /* AnswerModel.swift in Sources */ = {isa = PBXBuildFile; fileRef = BED31A262AC198A9007E8B2B /* AnswerModel.swift */; };
		BED31A292AC198B8007E8B2B /* FolderModel.swift in Sources */ = {isa = PBXBuildFile; fileRef = BED31A282AC198B8007E8B2B /* FolderModel.swift */; };
		BED31A2D2AC1ACB4007E8B2B /* Protocol+RealmCRUD.swift in Sources */ = {isa = PBXBuildFile; fileRef = BED31A2C2AC1ACB4007E8B2B /* Protocol+RealmCRUD.swift */; };
		BED31A302AC1AE53007E8B2B /* CRUDType.swift in Sources */ = {isa = PBXBuildFile; fileRef = BED31A2F2AC1AE53007E8B2B /* CRUDType.swift */; };
		BED31A322AC1AE94007E8B2B /* CRUDManager.swift in Sources */ = {isa = PBXBuildFile; fileRef = BED31A312AC1AE94007E8B2B /* CRUDManager.swift */; };
		BED362652ABC257F00143C55 /* AppDelegate.swift in Sources */ = {isa = PBXBuildFile; fileRef = BED362642ABC257F00143C55 /* AppDelegate.swift */; };
		BED362672ABC257F00143C55 /* SceneDelegate.swift in Sources */ = {isa = PBXBuildFile; fileRef = BED362662ABC257F00143C55 /* SceneDelegate.swift */; };
		BED362692ABC257F00143C55 /* TestViewController.swift in Sources */ = {isa = PBXBuildFile; fileRef = BED362682ABC257F00143C55 /* TestViewController.swift */; };
		BED362792ABC2A4000143C55 /* SampleViewController.swift in Sources */ = {isa = PBXBuildFile; fileRef = BED362782ABC2A3F00143C55 /* SampleViewController.swift */; };
		BED3627C2ABC357400143C55 /* MyViewController.swift in Sources */ = {isa = PBXBuildFile; fileRef = BED3627B2ABC357400143C55 /* MyViewController.swift */; };
		BED3627E2ABC3B9800143C55 /* NewQuestionViewController.swift in Sources */ = {isa = PBXBuildFile; fileRef = BED3627D2ABC3B9800143C55 /* NewQuestionViewController.swift */; };
		BED362802ABC50BC00143C55 /* DetailQuestionViewController.swift in Sources */ = {isa = PBXBuildFile; fileRef = BED3627F2ABC50BC00143C55 /* DetailQuestionViewController.swift */; };
		BEE251D72ACB0B1800F74837 /* Assets.xcassets in Resources */ = {isa = PBXBuildFile; fileRef = BED3626D2ABC258000143C55 /* Assets.xcassets */; };
		BEE251DA2ACB0D5F00F74837 /* CustomSortView.swift in Sources */ = {isa = PBXBuildFile; fileRef = BEE251D92ACB0D5F00F74837 /* CustomSortView.swift */; };
		BEE251DC2ACB117700F74837 /* CustomSortViewController.swift in Sources */ = {isa = PBXBuildFile; fileRef = BEE251DB2ACB117700F74837 /* CustomSortViewController.swift */; };
		BEE96DA22AC1871800CDD722 /* Then in Frameworks */ = {isa = PBXBuildFile; productRef = BEE96DA12AC1871800CDD722 /* Then */; };
		BEE96DA52AC1874E00CDD722 /* Hero in Frameworks */ = {isa = PBXBuildFile; productRef = BEE96DA42AC1874E00CDD722 /* Hero */; };
		BEE96DA82AC1878E00CDD722 /* Tabman in Frameworks */ = {isa = PBXBuildFile; productRef = BEE96DA72AC1878E00CDD722 /* Tabman */; };
		BEE96DAB2AC187CC00CDD722 /* Realm in Frameworks */ = {isa = PBXBuildFile; productRef = BEE96DAA2AC187CC00CDD722 /* Realm */; };
		BEE96DAD2AC187CC00CDD722 /* RealmSwift in Frameworks */ = {isa = PBXBuildFile; productRef = BEE96DAC2AC187CC00CDD722 /* RealmSwift */; };
		BEE96DBA2AC18F9C00CDD722 /* Ext+UIColor.swift in Sources */ = {isa = PBXBuildFile; fileRef = BEE96DB92AC18F9C00CDD722 /* Ext+UIColor.swift */; };
		BEE96DBC2AC18FA100CDD722 /* Ext+UIFont.swift in Sources */ = {isa = PBXBuildFile; fileRef = BEE96DBB2AC18FA100CDD722 /* Ext+UIFont.swift */; };
		BEE96DBE2AC18FDB00CDD722 /* Protocol+IDF.swift in Sources */ = {isa = PBXBuildFile; fileRef = BEE96DBD2AC18FDB00CDD722 /* Protocol+IDF.swift */; };
		BEE96DC02AC18FF800CDD722 /* Ext+UIViewController.swift in Sources */ = {isa = PBXBuildFile; fileRef = BEE96DBF2AC18FF800CDD722 /* Ext+UIViewController.swift */; };
		BEE96DC22AC18FFF00CDD722 /* Ext+UIView.swift in Sources */ = {isa = PBXBuildFile; fileRef = BEE96DC12AC18FFF00CDD722 /* Ext+UIView.swift */; };
		BEF117702ACAE40200EEAFDA /* QuestionView.swift in Sources */ = {isa = PBXBuildFile; fileRef = BEF1176F2ACAE40200EEAFDA /* QuestionView.swift */; };
		BEF117722ACAE40800EEAFDA /* QuestionViewController.swift in Sources */ = {isa = PBXBuildFile; fileRef = BEF117712ACAE40800EEAFDA /* QuestionViewController.swift */; };
/* End PBXBuildFile section */

/* Begin PBXFileReference section */
		BEAAB7C02AC950790019E295 /* RandomViewController.swift */ = {isa = PBXFileReference; lastKnownFileType = sourcecode.swift; path = RandomViewController.swift; sourceTree = "<group>"; };
		BEAAB7C32AC956290019E295 /* BaseSearchController.swift */ = {isa = PBXFileReference; lastKnownFileType = sourcecode.swift; path = BaseSearchController.swift; sourceTree = "<group>"; };
		BEAAB7C52AC957EE0019E295 /* HomeView.swift */ = {isa = PBXFileReference; lastKnownFileType = sourcecode.swift; path = HomeView.swift; sourceTree = "<group>"; };
		BEAAB7C82AC96BC20019E295 /* BaseColletionView.swift */ = {isa = PBXFileReference; lastKnownFileType = sourcecode.swift; path = BaseColletionView.swift; sourceTree = "<group>"; };
		BEAAB7CB2AC96D330019E295 /* Constant.swift */ = {isa = PBXFileReference; lastKnownFileType = sourcecode.swift; path = Constant.swift; sourceTree = "<group>"; };
		BEB8BAF12ACC04EA001F02C9 /* DetailViewController.swift */ = {isa = PBXFileReference; lastKnownFileType = sourcecode.swift; path = DetailViewController.swift; sourceTree = "<group>"; };
		BEB8BAF32ACC04F7001F02C9 /* DetailView.swift */ = {isa = PBXFileReference; lastKnownFileType = sourcecode.swift; path = DetailView.swift; sourceTree = "<group>"; };
		BEC118322AC822AC0087BDD2 /* SampleVC.swift */ = {isa = PBXFileReference; lastKnownFileType = sourcecode.swift; name = SampleVC.swift; path = Gloabl/Protocol/SampleVC.swift; sourceTree = "<group>"; };
		BEC118382AC945E90087BDD2 /* TabBarViewController.swift */ = {isa = PBXFileReference; lastKnownFileType = sourcecode.swift; path = TabBarViewController.swift; sourceTree = "<group>"; };
		BEC1183A2AC946050087BDD2 /* HomeViewController.swift */ = {isa = PBXFileReference; lastKnownFileType = sourcecode.swift; path = HomeViewController.swift; sourceTree = "<group>"; };
		BEC1183C2AC946250087BDD2 /* MyPageViewController.swift */ = {isa = PBXFileReference; lastKnownFileType = sourcecode.swift; path = MyPageViewController.swift; sourceTree = "<group>"; };
		BEC1183E2AC947E30087BDD2 /* Info.plist */ = {isa = PBXFileReference; fileEncoding = 4; lastKnownFileType = text.plist.xml; path = Info.plist; sourceTree = "<group>"; };
		BED31A1E2AC191C8007E8B2B /* BaseView.swift */ = {isa = PBXFileReference; lastKnownFileType = sourcecode.swift; path = BaseView.swift; sourceTree = "<group>"; };
		BED31A202AC191D7007E8B2B /* BaseViewController.swift */ = {isa = PBXFileReference; lastKnownFileType = sourcecode.swift; path = BaseViewController.swift; sourceTree = "<group>"; };
		BED31A222AC191E7007E8B2B /* BaseCollectionViewCell.swift */ = {isa = PBXFileReference; lastKnownFileType = sourcecode.swift; path = BaseCollectionViewCell.swift; sourceTree = "<group>"; };
		BED31A242AC19895007E8B2B /* QuestionModel.swift */ = {isa = PBXFileReference; lastKnownFileType = sourcecode.swift; path = QuestionModel.swift; sourceTree = "<group>"; };
		BED31A262AC198A9007E8B2B /* AnswerModel.swift */ = {isa = PBXFileReference; lastKnownFileType = sourcecode.swift; path = AnswerModel.swift; sourceTree = "<group>"; };
		BED31A282AC198B8007E8B2B /* FolderModel.swift */ = {isa = PBXFileReference; lastKnownFileType = sourcecode.swift; path = FolderModel.swift; sourceTree = "<group>"; };
		BED31A2C2AC1ACB4007E8B2B /* Protocol+RealmCRUD.swift */ = {isa = PBXFileReference; lastKnownFileType = sourcecode.swift; path = "Protocol+RealmCRUD.swift"; sourceTree = "<group>"; };
		BED31A2F2AC1AE53007E8B2B /* CRUDType.swift */ = {isa = PBXFileReference; lastKnownFileType = sourcecode.swift; path = CRUDType.swift; sourceTree = "<group>"; };
		BED31A312AC1AE94007E8B2B /* CRUDManager.swift */ = {isa = PBXFileReference; lastKnownFileType = sourcecode.swift; path = CRUDManager.swift; sourceTree = "<group>"; };
		BED362612ABC257F00143C55 /* GreenLight.app */ = {isa = PBXFileReference; explicitFileType = wrapper.application; includeInIndex = 0; path = GreenLight.app; sourceTree = BUILT_PRODUCTS_DIR; };
		BED362642ABC257F00143C55 /* AppDelegate.swift */ = {isa = PBXFileReference; lastKnownFileType = sourcecode.swift; path = AppDelegate.swift; sourceTree = "<group>"; };
		BED362662ABC257F00143C55 /* SceneDelegate.swift */ = {isa = PBXFileReference; lastKnownFileType = sourcecode.swift; path = SceneDelegate.swift; sourceTree = "<group>"; };
		BED362682ABC257F00143C55 /* TestViewController.swift */ = {isa = PBXFileReference; lastKnownFileType = sourcecode.swift; path = TestViewController.swift; sourceTree = "<group>"; };
		BED3626B2ABC257F00143C55 /* Base */ = {isa = PBXFileReference; lastKnownFileType = file.storyboard; name = Base; path = Base.lproj/Main.storyboard; sourceTree = "<group>"; };
		BED3626D2ABC258000143C55 /* Assets.xcassets */ = {isa = PBXFileReference; lastKnownFileType = folder.assetcatalog; path = Assets.xcassets; sourceTree = "<group>"; };
		BED362782ABC2A3F00143C55 /* SampleViewController.swift */ = {isa = PBXFileReference; lastKnownFileType = sourcecode.swift; path = SampleViewController.swift; sourceTree = "<group>"; };
		BED3627B2ABC357400143C55 /* MyViewController.swift */ = {isa = PBXFileReference; lastKnownFileType = sourcecode.swift; path = MyViewController.swift; sourceTree = "<group>"; };
		BED3627D2ABC3B9800143C55 /* NewQuestionViewController.swift */ = {isa = PBXFileReference; lastKnownFileType = sourcecode.swift; path = NewQuestionViewController.swift; sourceTree = "<group>"; };
		BED3627F2ABC50BC00143C55 /* DetailQuestionViewController.swift */ = {isa = PBXFileReference; lastKnownFileType = sourcecode.swift; path = DetailQuestionViewController.swift; sourceTree = "<group>"; };
		BEE251D92ACB0D5F00F74837 /* CustomSortView.swift */ = {isa = PBXFileReference; lastKnownFileType = sourcecode.swift; path = CustomSortView.swift; sourceTree = "<group>"; };
		BEE251DB2ACB117700F74837 /* CustomSortViewController.swift */ = {isa = PBXFileReference; lastKnownFileType = sourcecode.swift; path = CustomSortViewController.swift; sourceTree = "<group>"; };
		BEE96DB92AC18F9C00CDD722 /* Ext+UIColor.swift */ = {isa = PBXFileReference; lastKnownFileType = sourcecode.swift; path = "Ext+UIColor.swift"; sourceTree = "<group>"; };
		BEE96DBB2AC18FA100CDD722 /* Ext+UIFont.swift */ = {isa = PBXFileReference; lastKnownFileType = sourcecode.swift; path = "Ext+UIFont.swift"; sourceTree = "<group>"; };
		BEE96DBD2AC18FDB00CDD722 /* Protocol+IDF.swift */ = {isa = PBXFileReference; lastKnownFileType = sourcecode.swift; path = "Protocol+IDF.swift"; sourceTree = "<group>"; };
		BEE96DBF2AC18FF800CDD722 /* Ext+UIViewController.swift */ = {isa = PBXFileReference; lastKnownFileType = sourcecode.swift; path = "Ext+UIViewController.swift"; sourceTree = "<group>"; };
		BEE96DC12AC18FFF00CDD722 /* Ext+UIView.swift */ = {isa = PBXFileReference; lastKnownFileType = sourcecode.swift; path = "Ext+UIView.swift"; sourceTree = "<group>"; };
		BEF1176F2ACAE40200EEAFDA /* QuestionView.swift */ = {isa = PBXFileReference; lastKnownFileType = sourcecode.swift; path = QuestionView.swift; sourceTree = "<group>"; };
		BEF117712ACAE40800EEAFDA /* QuestionViewController.swift */ = {isa = PBXFileReference; lastKnownFileType = sourcecode.swift; path = QuestionViewController.swift; sourceTree = "<group>"; };
/* End PBXFileReference section */

/* Begin PBXFrameworksBuildPhase section */
		BED3625E2ABC257F00143C55 /* Frameworks */ = {
			isa = PBXFrameworksBuildPhase;
			buildActionMask = 2147483647;
			files = (
				BEE96DAD2AC187CC00CDD722 /* RealmSwift in Frameworks */,
				BEE96DA82AC1878E00CDD722 /* Tabman in Frameworks */,
				BEE96DA52AC1874E00CDD722 /* Hero in Frameworks */,
				BEA9E23E2AC948BB00D747DD /* SnapKit in Frameworks */,
				BEE96DA22AC1871800CDD722 /* Then in Frameworks */,
				BEE96DAB2AC187CC00CDD722 /* Realm in Frameworks */,
			);
			runOnlyForDeploymentPostprocessing = 0;
		};
/* End PBXFrameworksBuildPhase section */

/* Begin PBXGroup section */
		BEAAB7CA2AC96D290019E295 /* Constant */ = {
			isa = PBXGroup;
			children = (
				BEAAB7CB2AC96D330019E295 /* Constant.swift */,
			);
			path = Constant;
			sourceTree = "<group>";
		};
		BEC118342AC93CD50087BDD2 /* Home */ = {
			isa = PBXGroup;
			children = (
				BEC118382AC945E90087BDD2 /* TabBarViewController.swift */,
				BEC1183A2AC946050087BDD2 /* HomeViewController.swift */,
				BEAAB7C52AC957EE0019E295 /* HomeView.swift */,
				BEF117712ACAE40800EEAFDA /* QuestionViewController.swift */,
				BEF1176F2ACAE40200EEAFDA /* QuestionView.swift */,
				BEB8BAF12ACC04EA001F02C9 /* DetailViewController.swift */,
				BEB8BAF32ACC04F7001F02C9 /* DetailView.swift */,
			);
			path = Home;
			sourceTree = "<group>";
		};
		BEC118352AC93CE00087BDD2 /* Random */ = {
			isa = PBXGroup;
			children = (
				BEAAB7C02AC950790019E295 /* RandomViewController.swift */,
			);
			path = Random;
			sourceTree = "<group>";
		};
		BEC118362AC93CE50087BDD2 /* MyPage */ = {
			isa = PBXGroup;
			children = (
				BEC1183C2AC946250087BDD2 /* MyPageViewController.swift */,
			);
			path = MyPage;
			sourceTree = "<group>";
		};
		BED31A2E2AC1AE39007E8B2B /* Enum */ = {
			isa = PBXGroup;
			children = (
				BED31A2F2AC1AE53007E8B2B /* CRUDType.swift */,
			);
			path = Enum;
			sourceTree = "<group>";
		};
		BED31A332AC1AE9C007E8B2B /* Realm */ = {
			isa = PBXGroup;
			children = (
				BED31A312AC1AE94007E8B2B /* CRUDManager.swift */,
				BEE96DB32AC18ECC00CDD722 /* Models */,
			);
			path = Realm;
			sourceTree = "<group>";
		};
		BED362582ABC257F00143C55 = {
			isa = PBXGroup;
			children = (
				BED362632ABC257F00143C55 /* GreenLight */,
				BED362622ABC257F00143C55 /* Products */,
			);
			sourceTree = "<group>";
		};
		BED362622ABC257F00143C55 /* Products */ = {
			isa = PBXGroup;
			children = (
				BED362612ABC257F00143C55 /* GreenLight.app */,
			);
			name = Products;
			sourceTree = "<group>";
		};
		BED362632ABC257F00143C55 /* GreenLight */ = {
			isa = PBXGroup;
			children = (
				BEE96DAF2AC18E6C00CDD722 /* Resource */,
				BEE96DAE2AC18E6400CDD722 /* Source */,
				BEE96DB22AC18EC500CDD722 /* Data */,
			);
			path = GreenLight;
			sourceTree = "<group>";
		};
		BED3627A2ABC2A4200143C55 /* Wireframe */ = {
			isa = PBXGroup;
			children = (
				BED3626A2ABC257F00143C55 /* Main.storyboard */,
				BED3627D2ABC3B9800143C55 /* NewQuestionViewController.swift */,
				BED362782ABC2A3F00143C55 /* SampleViewController.swift */,
				BED3627B2ABC357400143C55 /* MyViewController.swift */,
				BED3627F2ABC50BC00143C55 /* DetailQuestionViewController.swift */,
			);
			path = Wireframe;
			sourceTree = "<group>";
		};
		BEE251D82ACB0D4700F74837 /* Custom */ = {
			isa = PBXGroup;
			children = (
				BEE251D92ACB0D5F00F74837 /* CustomSortView.swift */,
				BEE251DB2ACB117700F74837 /* CustomSortViewController.swift */,
			);
			path = Custom;
			sourceTree = "<group>";
		};
		BEE96DAE2AC18E6400CDD722 /* Source */ = {
			isa = PBXGroup;
			children = (
				BED3627A2ABC2A4200143C55 /* Wireframe */,
				BEE96DB12AC18EAF00CDD722 /* Presenter */,
				BEE96DB02AC18EA200CDD722 /* Application */,
			);
			path = Source;
			sourceTree = "<group>";
		};
		BEE96DAF2AC18E6C00CDD722 /* Resource */ = {
			isa = PBXGroup;
			children = (
				BED3626D2ABC258000143C55 /* Assets.xcassets */,
			);
			path = Resource;
			sourceTree = "<group>";
		};
		BEE96DB02AC18EA200CDD722 /* Application */ = {
			isa = PBXGroup;
			children = (
				BED362662ABC257F00143C55 /* SceneDelegate.swift */,
				BED362642ABC257F00143C55 /* AppDelegate.swift */,
				BEC1183E2AC947E30087BDD2 /* Info.plist */,
			);
			path = Application;
			sourceTree = "<group>";
		};
		BEE96DB12AC18EAF00CDD722 /* Presenter */ = {
			isa = PBXGroup;
			children = (
				BEE96DB42AC18F2000CDD722 /* Gloabl */,
				BEC118362AC93CE50087BDD2 /* MyPage */,
				BEC118352AC93CE00087BDD2 /* Random */,
				BEC118342AC93CD50087BDD2 /* Home */,
				BED362682ABC257F00143C55 /* TestViewController.swift */,
				BEC118322AC822AC0087BDD2 /* SampleVC.swift */,
			);
			path = Presenter;
			sourceTree = "<group>";
		};
		BEE96DB22AC18EC500CDD722 /* Data */ = {
			isa = PBXGroup;
			children = (
				BED31A332AC1AE9C007E8B2B /* Realm */,
			);
			path = Data;
			sourceTree = "<group>";
		};
		BEE96DB32AC18ECC00CDD722 /* Models */ = {
			isa = PBXGroup;
			children = (
				BED31A242AC19895007E8B2B /* QuestionModel.swift */,
				BED31A262AC198A9007E8B2B /* AnswerModel.swift */,
				BED31A282AC198B8007E8B2B /* FolderModel.swift */,
			);
			path = Models;
			sourceTree = "<group>";
		};
		BEE96DB42AC18F2000CDD722 /* Gloabl */ = {
			isa = PBXGroup;
			children = (
				BEE251D82ACB0D4700F74837 /* Custom */,
				BEAAB7CA2AC96D290019E295 /* Constant */,
				BED31A2E2AC1AE39007E8B2B /* Enum */,
				BEE96DB72AC18F4200CDD722 /* Base */,
				BEE96DB62AC18F2900CDD722 /* Extension */,
				BEE96DB52AC18F2500CDD722 /* Protocol */,
			);
			path = Gloabl;
			sourceTree = "<group>";
		};
		BEE96DB52AC18F2500CDD722 /* Protocol */ = {
			isa = PBXGroup;
			children = (
				BEE96DBD2AC18FDB00CDD722 /* Protocol+IDF.swift */,
				BED31A2C2AC1ACB4007E8B2B /* Protocol+RealmCRUD.swift */,
			);
			path = Protocol;
			sourceTree = "<group>";
		};
		BEE96DB62AC18F2900CDD722 /* Extension */ = {
			isa = PBXGroup;
			children = (
				BEE96DB92AC18F9C00CDD722 /* Ext+UIColor.swift */,
				BEE96DBB2AC18FA100CDD722 /* Ext+UIFont.swift */,
				BEE96DBF2AC18FF800CDD722 /* Ext+UIViewController.swift */,
				BEE96DC12AC18FFF00CDD722 /* Ext+UIView.swift */,
			);
			path = Extension;
			sourceTree = "<group>";
		};
		BEE96DB72AC18F4200CDD722 /* Base */ = {
			isa = PBXGroup;
			children = (
				BED31A1E2AC191C8007E8B2B /* BaseView.swift */,
				BED31A202AC191D7007E8B2B /* BaseViewController.swift */,
				BED31A222AC191E7007E8B2B /* BaseCollectionViewCell.swift */,
				BEAAB7C32AC956290019E295 /* BaseSearchController.swift */,
				BEAAB7C82AC96BC20019E295 /* BaseColletionView.swift */,
			);
			path = Base;
			sourceTree = "<group>";
		};
/* End PBXGroup section */

/* Begin PBXNativeTarget section */
		BED362602ABC257F00143C55 /* GreenLight */ = {
			isa = PBXNativeTarget;
			buildConfigurationList = BED362752ABC258000143C55 /* Build configuration list for PBXNativeTarget "GreenLight" */;
			buildPhases = (
				BED3625D2ABC257F00143C55 /* Sources */,
				BED3625E2ABC257F00143C55 /* Frameworks */,
				BED3625F2ABC257F00143C55 /* Resources */,
			);
			buildRules = (
			);
			dependencies = (
			);
			name = GreenLight;
			packageProductDependencies = (
				BEE96DA12AC1871800CDD722 /* Then */,
				BEE96DA42AC1874E00CDD722 /* Hero */,
				BEE96DA72AC1878E00CDD722 /* Tabman */,
				BEE96DAA2AC187CC00CDD722 /* Realm */,
				BEE96DAC2AC187CC00CDD722 /* RealmSwift */,
				BEA9E23D2AC948BB00D747DD /* SnapKit */,
			);
			productName = GreenLight;
			productReference = BED362612ABC257F00143C55 /* GreenLight.app */;
			productType = "com.apple.product-type.application";
		};
/* End PBXNativeTarget section */

/* Begin PBXProject section */
		BED362592ABC257F00143C55 /* Project object */ = {
			isa = PBXProject;
			attributes = {
				BuildIndependentTargetsInParallel = 1;
				LastSwiftUpdateCheck = 1430;
				LastUpgradeCheck = 1430;
				TargetAttributes = {
					BED362602ABC257F00143C55 = {
						CreatedOnToolsVersion = 14.3.1;
					};
				};
			};
			buildConfigurationList = BED3625C2ABC257F00143C55 /* Build configuration list for PBXProject "GreenLight" */;
			compatibilityVersion = "Xcode 14.0";
			developmentRegion = en;
			hasScannedForEncodings = 0;
			knownRegions = (
				en,
				Base,
			);
			mainGroup = BED362582ABC257F00143C55;
			packageReferences = (
				BEE96DA02AC1871800CDD722 /* XCRemoteSwiftPackageReference "Then" */,
				BEE96DA32AC1874E00CDD722 /* XCRemoteSwiftPackageReference "Hero" */,
				BEE96DA62AC1878E00CDD722 /* XCRemoteSwiftPackageReference "Tabman" */,
				BEE96DA92AC187CC00CDD722 /* XCRemoteSwiftPackageReference "realm-swift" */,
				BEA9E23C2AC948BB00D747DD /* XCRemoteSwiftPackageReference "SnapKit" */,
			);
			productRefGroup = BED362622ABC257F00143C55 /* Products */;
			projectDirPath = "";
			projectRoot = "";
			targets = (
				BED362602ABC257F00143C55 /* GreenLight */,
			);
		};
/* End PBXProject section */

/* Begin PBXResourcesBuildPhase section */
		BED3625F2ABC257F00143C55 /* Resources */ = {
			isa = PBXResourcesBuildPhase;
			buildActionMask = 2147483647;
			files = (
				BEE251D72ACB0B1800F74837 /* Assets.xcassets in Resources */,
			);
			runOnlyForDeploymentPostprocessing = 0;
		};
/* End PBXResourcesBuildPhase section */

/* Begin PBXSourcesBuildPhase section */
		BED3625D2ABC257F00143C55 /* Sources */ = {
			isa = PBXSourcesBuildPhase;
			buildActionMask = 2147483647;
			files = (
				BEC1183D2AC946250087BDD2 /* MyPageViewController.swift in Sources */,
				BEB8BAF42ACC04F7001F02C9 /* DetailView.swift in Sources */,
				BEAAB7C62AC957EE0019E295 /* HomeView.swift in Sources */,
				BEE251DA2ACB0D5F00F74837 /* CustomSortView.swift in Sources */,
				BEAAB7C12AC950790019E295 /* RandomViewController.swift in Sources */,
				BEF117702ACAE40200EEAFDA /* QuestionView.swift in Sources */,
				BEE96DC22AC18FFF00CDD722 /* Ext+UIView.swift in Sources */,
				BED31A1F2AC191C8007E8B2B /* BaseView.swift in Sources */,
				BED362692ABC257F00143C55 /* TestViewController.swift in Sources */,
				BEE96DBE2AC18FDB00CDD722 /* Protocol+IDF.swift in Sources */,
				BED3627E2ABC3B9800143C55 /* NewQuestionViewController.swift in Sources */,
				BEC118392AC945E90087BDD2 /* TabBarViewController.swift in Sources */,
				BED31A322AC1AE94007E8B2B /* CRUDManager.swift in Sources */,
				BEAAB7C92AC96BC20019E295 /* BaseColletionView.swift in Sources */,
				BED31A2D2AC1ACB4007E8B2B /* Protocol+RealmCRUD.swift in Sources */,
				BED31A232AC191E7007E8B2B /* BaseCollectionViewCell.swift in Sources */,
				BEF117722ACAE40800EEAFDA /* QuestionViewController.swift in Sources */,
				BED31A212AC191D7007E8B2B /* BaseViewController.swift in Sources */,
				BED31A252AC19895007E8B2B /* QuestionModel.swift in Sources */,
				BED362652ABC257F00143C55 /* AppDelegate.swift in Sources */,
				BED31A272AC198A9007E8B2B /* AnswerModel.swift in Sources */,
				BEAAB7CC2AC96D330019E295 /* Constant.swift in Sources */,
				BEE96DC02AC18FF800CDD722 /* Ext+UIViewController.swift in Sources */,
				BED362672ABC257F00143C55 /* SceneDelegate.swift in Sources */,
				BEC1183B2AC946050087BDD2 /* HomeViewController.swift in Sources */,
				BEE96DBC2AC18FA100CDD722 /* Ext+UIFont.swift in Sources */,
				BEE251DC2ACB117700F74837 /* CustomSortViewController.swift in Sources */,
				BED31A292AC198B8007E8B2B /* FolderModel.swift in Sources */,
				BEB8BAF22ACC04EA001F02C9 /* DetailViewController.swift in Sources */,
				BED3627C2ABC357400143C55 /* MyViewController.swift in Sources */,
				BEE96DBA2AC18F9C00CDD722 /* Ext+UIColor.swift in Sources */,
				BEC118332AC822AC0087BDD2 /* SampleVC.swift in Sources */,
				BED362792ABC2A4000143C55 /* SampleViewController.swift in Sources */,
				BED362802ABC50BC00143C55 /* DetailQuestionViewController.swift in Sources */,
				BED31A302AC1AE53007E8B2B /* CRUDType.swift in Sources */,
				BEAAB7C42AC956290019E295 /* BaseSearchController.swift in Sources */,
			);
			runOnlyForDeploymentPostprocessing = 0;
		};
/* End PBXSourcesBuildPhase section */

/* Begin PBXVariantGroup section */
		BED3626A2ABC257F00143C55 /* Main.storyboard */ = {
			isa = PBXVariantGroup;
			children = (
				BED3626B2ABC257F00143C55 /* Base */,
			);
			name = Main.storyboard;
			sourceTree = "<group>";
		};
/* End PBXVariantGroup section */

/* Begin XCBuildConfiguration section */
		BED362732ABC258000143C55 /* Debug */ = {
			isa = XCBuildConfiguration;
			buildSettings = {
				ALWAYS_SEARCH_USER_PATHS = NO;
				CLANG_ANALYZER_NONNULL = YES;
				CLANG_ANALYZER_NUMBER_OBJECT_CONVERSION = YES_AGGRESSIVE;
				CLANG_CXX_LANGUAGE_STANDARD = "gnu++20";
				CLANG_ENABLE_MODULES = YES;
				CLANG_ENABLE_OBJC_ARC = YES;
				CLANG_ENABLE_OBJC_WEAK = YES;
				CLANG_WARN_BLOCK_CAPTURE_AUTORELEASING = YES;
				CLANG_WARN_BOOL_CONVERSION = YES;
				CLANG_WARN_COMMA = YES;
				CLANG_WARN_CONSTANT_CONVERSION = YES;
				CLANG_WARN_DEPRECATED_OBJC_IMPLEMENTATIONS = YES;
				CLANG_WARN_DIRECT_OBJC_ISA_USAGE = YES_ERROR;
				CLANG_WARN_DOCUMENTATION_COMMENTS = YES;
				CLANG_WARN_EMPTY_BODY = YES;
				CLANG_WARN_ENUM_CONVERSION = YES;
				CLANG_WARN_INFINITE_RECURSION = YES;
				CLANG_WARN_INT_CONVERSION = YES;
				CLANG_WARN_NON_LITERAL_NULL_CONVERSION = YES;
				CLANG_WARN_OBJC_IMPLICIT_RETAIN_SELF = YES;
				CLANG_WARN_OBJC_LITERAL_CONVERSION = YES;
				CLANG_WARN_OBJC_ROOT_CLASS = YES_ERROR;
				CLANG_WARN_QUOTED_INCLUDE_IN_FRAMEWORK_HEADER = YES;
				CLANG_WARN_RANGE_LOOP_ANALYSIS = YES;
				CLANG_WARN_STRICT_PROTOTYPES = YES;
				CLANG_WARN_SUSPICIOUS_MOVE = YES;
				CLANG_WARN_UNGUARDED_AVAILABILITY = YES_AGGRESSIVE;
				CLANG_WARN_UNREACHABLE_CODE = YES;
				CLANG_WARN__DUPLICATE_METHOD_MATCH = YES;
				COPY_PHASE_STRIP = NO;
				DEBUG_INFORMATION_FORMAT = dwarf;
				ENABLE_STRICT_OBJC_MSGSEND = YES;
				ENABLE_TESTABILITY = YES;
				GCC_C_LANGUAGE_STANDARD = gnu11;
				GCC_DYNAMIC_NO_PIC = NO;
				GCC_NO_COMMON_BLOCKS = YES;
				GCC_OPTIMIZATION_LEVEL = 0;
				GCC_PREPROCESSOR_DEFINITIONS = (
					"DEBUG=1",
					"$(inherited)",
				);
				GCC_WARN_64_TO_32_BIT_CONVERSION = YES;
				GCC_WARN_ABOUT_RETURN_TYPE = YES_ERROR;
				GCC_WARN_UNDECLARED_SELECTOR = YES;
				GCC_WARN_UNINITIALIZED_AUTOS = YES_AGGRESSIVE;
				GCC_WARN_UNUSED_FUNCTION = YES;
				GCC_WARN_UNUSED_VARIABLE = YES;
				IPHONEOS_DEPLOYMENT_TARGET = 16.4;
				MTL_ENABLE_DEBUG_INFO = INCLUDE_SOURCE;
				MTL_FAST_MATH = YES;
				ONLY_ACTIVE_ARCH = YES;
				SDKROOT = iphoneos;
				SWIFT_ACTIVE_COMPILATION_CONDITIONS = DEBUG;
				SWIFT_OPTIMIZATION_LEVEL = "-Onone";
			};
			name = Debug;
		};
		BED362742ABC258000143C55 /* Release */ = {
			isa = XCBuildConfiguration;
			buildSettings = {
				ALWAYS_SEARCH_USER_PATHS = NO;
				CLANG_ANALYZER_NONNULL = YES;
				CLANG_ANALYZER_NUMBER_OBJECT_CONVERSION = YES_AGGRESSIVE;
				CLANG_CXX_LANGUAGE_STANDARD = "gnu++20";
				CLANG_ENABLE_MODULES = YES;
				CLANG_ENABLE_OBJC_ARC = YES;
				CLANG_ENABLE_OBJC_WEAK = YES;
				CLANG_WARN_BLOCK_CAPTURE_AUTORELEASING = YES;
				CLANG_WARN_BOOL_CONVERSION = YES;
				CLANG_WARN_COMMA = YES;
				CLANG_WARN_CONSTANT_CONVERSION = YES;
				CLANG_WARN_DEPRECATED_OBJC_IMPLEMENTATIONS = YES;
				CLANG_WARN_DIRECT_OBJC_ISA_USAGE = YES_ERROR;
				CLANG_WARN_DOCUMENTATION_COMMENTS = YES;
				CLANG_WARN_EMPTY_BODY = YES;
				CLANG_WARN_ENUM_CONVERSION = YES;
				CLANG_WARN_INFINITE_RECURSION = YES;
				CLANG_WARN_INT_CONVERSION = YES;
				CLANG_WARN_NON_LITERAL_NULL_CONVERSION = YES;
				CLANG_WARN_OBJC_IMPLICIT_RETAIN_SELF = YES;
				CLANG_WARN_OBJC_LITERAL_CONVERSION = YES;
				CLANG_WARN_OBJC_ROOT_CLASS = YES_ERROR;
				CLANG_WARN_QUOTED_INCLUDE_IN_FRAMEWORK_HEADER = YES;
				CLANG_WARN_RANGE_LOOP_ANALYSIS = YES;
				CLANG_WARN_STRICT_PROTOTYPES = YES;
				CLANG_WARN_SUSPICIOUS_MOVE = YES;
				CLANG_WARN_UNGUARDED_AVAILABILITY = YES_AGGRESSIVE;
				CLANG_WARN_UNREACHABLE_CODE = YES;
				CLANG_WARN__DUPLICATE_METHOD_MATCH = YES;
				COPY_PHASE_STRIP = NO;
				DEBUG_INFORMATION_FORMAT = "dwarf-with-dsym";
				ENABLE_NS_ASSERTIONS = NO;
				ENABLE_STRICT_OBJC_MSGSEND = YES;
				GCC_C_LANGUAGE_STANDARD = gnu11;
				GCC_NO_COMMON_BLOCKS = YES;
				GCC_WARN_64_TO_32_BIT_CONVERSION = YES;
				GCC_WARN_ABOUT_RETURN_TYPE = YES_ERROR;
				GCC_WARN_UNDECLARED_SELECTOR = YES;
				GCC_WARN_UNINITIALIZED_AUTOS = YES_AGGRESSIVE;
				GCC_WARN_UNUSED_FUNCTION = YES;
				GCC_WARN_UNUSED_VARIABLE = YES;
				IPHONEOS_DEPLOYMENT_TARGET = 16.4;
				MTL_ENABLE_DEBUG_INFO = NO;
				MTL_FAST_MATH = YES;
				SDKROOT = iphoneos;
				SWIFT_COMPILATION_MODE = wholemodule;
				SWIFT_OPTIMIZATION_LEVEL = "-O";
				VALIDATE_PRODUCT = YES;
			};
			name = Release;
		};
		BED362762ABC258000143C55 /* Debug */ = {
			isa = XCBuildConfiguration;
			buildSettings = {
				ASSETCATALOG_COMPILER_APPICON_NAME = AppIcon;
				ASSETCATALOG_COMPILER_GLOBAL_ACCENT_COLOR_NAME = AccentColor;
				CODE_SIGN_STYLE = Automatic;
				CURRENT_PROJECT_VERSION = 1;
				DEVELOPMENT_TEAM = 7HDHR2SNR7;
				GENERATE_INFOPLIST_FILE = YES;
				INFOPLIST_FILE = /Users/dongwanryoo/GreenLight/GreenLight/Source/Application/Info.plist;
				INFOPLIST_KEY_NSMicrophoneUsageDescription = "마이크를 허가해주세요.";
				INFOPLIST_KEY_NSSpeechRecognitionUsageDescription = "음성인식을 허가해주세요.";
				INFOPLIST_KEY_UIApplicationSupportsIndirectInputEvents = YES;
				INFOPLIST_KEY_UILaunchStoryboardName = LaunchScreen;
				INFOPLIST_KEY_UISupportedInterfaceOrientations_iPad = "UIInterfaceOrientationPortrait UIInterfaceOrientationPortraitUpsideDown UIInterfaceOrientationLandscapeLeft UIInterfaceOrientationLandscapeRight";
				INFOPLIST_KEY_UISupportedInterfaceOrientations_iPhone = "UIInterfaceOrientationPortrait UIInterfaceOrientationLandscapeLeft UIInterfaceOrientationLandscapeRight";
				LD_RUNPATH_SEARCH_PATHS = (
					"$(inherited)",
					"@executable_path/Frameworks",
				);
				MARKETING_VERSION = 1.0;
				PRODUCT_BUNDLE_IDENTIFIER = com.lyoodong.GreenLight;
				PRODUCT_NAME = "$(TARGET_NAME)";
				SWIFT_EMIT_LOC_STRINGS = YES;
				SWIFT_VERSION = 5.0;
				TARGETED_DEVICE_FAMILY = "1,2";
			};
			name = Debug;
		};
		BED362772ABC258000143C55 /* Release */ = {
			isa = XCBuildConfiguration;
			buildSettings = {
				ASSETCATALOG_COMPILER_APPICON_NAME = AppIcon;
				ASSETCATALOG_COMPILER_GLOBAL_ACCENT_COLOR_NAME = AccentColor;
				CODE_SIGN_STYLE = Automatic;
				CURRENT_PROJECT_VERSION = 1;
				DEVELOPMENT_TEAM = 7HDHR2SNR7;
				GENERATE_INFOPLIST_FILE = YES;
				INFOPLIST_FILE = /Users/dongwanryoo/GreenLight/GreenLight/Source/Application/Info.plist;
				INFOPLIST_KEY_NSMicrophoneUsageDescription = "마이크를 허가해주세요.";
				INFOPLIST_KEY_NSSpeechRecognitionUsageDescription = "음성인식을 허가해주세요.";
				INFOPLIST_KEY_UIApplicationSupportsIndirectInputEvents = YES;
				INFOPLIST_KEY_UILaunchStoryboardName = LaunchScreen;
				INFOPLIST_KEY_UISupportedInterfaceOrientations_iPad = "UIInterfaceOrientationPortrait UIInterfaceOrientationPortraitUpsideDown UIInterfaceOrientationLandscapeLeft UIInterfaceOrientationLandscapeRight";
				INFOPLIST_KEY_UISupportedInterfaceOrientations_iPhone = "UIInterfaceOrientationPortrait UIInterfaceOrientationLandscapeLeft UIInterfaceOrientationLandscapeRight";
				LD_RUNPATH_SEARCH_PATHS = (
					"$(inherited)",
					"@executable_path/Frameworks",
				);
				MARKETING_VERSION = 1.0;
				PRODUCT_BUNDLE_IDENTIFIER = com.lyoodong.GreenLight;
				PRODUCT_NAME = "$(TARGET_NAME)";
				SWIFT_EMIT_LOC_STRINGS = YES;
				SWIFT_VERSION = 5.0;
				TARGETED_DEVICE_FAMILY = "1,2";
			};
			name = Release;
		};
/* End XCBuildConfiguration section */

/* Begin XCConfigurationList section */
		BED3625C2ABC257F00143C55 /* Build configuration list for PBXProject "GreenLight" */ = {
			isa = XCConfigurationList;
			buildConfigurations = (
				BED362732ABC258000143C55 /* Debug */,
				BED362742ABC258000143C55 /* Release */,
			);
			defaultConfigurationIsVisible = 0;
			defaultConfigurationName = Release;
		};
		BED362752ABC258000143C55 /* Build configuration list for PBXNativeTarget "GreenLight" */ = {
			isa = XCConfigurationList;
			buildConfigurations = (
				BED362762ABC258000143C55 /* Debug */,
				BED362772ABC258000143C55 /* Release */,
			);
			defaultConfigurationIsVisible = 0;
			defaultConfigurationName = Release;
		};
/* End XCConfigurationList section */

/* Begin XCRemoteSwiftPackageReference section */
		BEA9E23C2AC948BB00D747DD /* XCRemoteSwiftPackageReference "SnapKit" */ = {
			isa = XCRemoteSwiftPackageReference;
			repositoryURL = "https://github.com/SnapKit/SnapKit.git";
			requirement = {
				kind = upToNextMajorVersion;
				minimumVersion = 5.0.0;
			};
		};
		BEE96DA02AC1871800CDD722 /* XCRemoteSwiftPackageReference "Then" */ = {
			isa = XCRemoteSwiftPackageReference;
			repositoryURL = "https://github.com/devxoul/Then";
			requirement = {
				kind = upToNextMajorVersion;
				minimumVersion = 3.0.0;
			};
		};
		BEE96DA32AC1874E00CDD722 /* XCRemoteSwiftPackageReference "Hero" */ = {
			isa = XCRemoteSwiftPackageReference;
			repositoryURL = "https://github.com/HeroTransitions/Hero";
			requirement = {
				kind = upToNextMajorVersion;
				minimumVersion = 1.0.0;
			};
		};
		BEE96DA62AC1878E00CDD722 /* XCRemoteSwiftPackageReference "Tabman" */ = {
			isa = XCRemoteSwiftPackageReference;
			repositoryURL = "https://github.com/uias/Tabman";
			requirement = {
				kind = upToNextMajorVersion;
				minimumVersion = 3.0.0;
			};
		};
		BEE96DA92AC187CC00CDD722 /* XCRemoteSwiftPackageReference "realm-swift" */ = {
			isa = XCRemoteSwiftPackageReference;
			repositoryURL = "https://github.com/realm/realm-swift.git";
			requirement = {
				kind = exactVersion;
				version = 10.42.3;
			};
		};
/* End XCRemoteSwiftPackageReference section */

/* Begin XCSwiftPackageProductDependency section */
		BEA9E23D2AC948BB00D747DD /* SnapKit */ = {
			isa = XCSwiftPackageProductDependency;
			package = BEA9E23C2AC948BB00D747DD /* XCRemoteSwiftPackageReference "SnapKit" */;
			productName = SnapKit;
		};
		BEE96DA12AC1871800CDD722 /* Then */ = {
			isa = XCSwiftPackageProductDependency;
			package = BEE96DA02AC1871800CDD722 /* XCRemoteSwiftPackageReference "Then" */;
			productName = Then;
		};
		BEE96DA42AC1874E00CDD722 /* Hero */ = {
			isa = XCSwiftPackageProductDependency;
			package = BEE96DA32AC1874E00CDD722 /* XCRemoteSwiftPackageReference "Hero" */;
			productName = Hero;
		};
		BEE96DA72AC1878E00CDD722 /* Tabman */ = {
			isa = XCSwiftPackageProductDependency;
			package = BEE96DA62AC1878E00CDD722 /* XCRemoteSwiftPackageReference "Tabman" */;
			productName = Tabman;
		};
		BEE96DAA2AC187CC00CDD722 /* Realm */ = {
			isa = XCSwiftPackageProductDependency;
			package = BEE96DA92AC187CC00CDD722 /* XCRemoteSwiftPackageReference "realm-swift" */;
			productName = Realm;
		};
		BEE96DAC2AC187CC00CDD722 /* RealmSwift */ = {
			isa = XCSwiftPackageProductDependency;
			package = BEE96DA92AC187CC00CDD722 /* XCRemoteSwiftPackageReference "realm-swift" */;
			productName = RealmSwift;
		};
/* End XCSwiftPackageProductDependency section */
	};
	rootObject = BED362592ABC257F00143C55 /* Project object */;
}
